
Microsoft Visual Studio Solution File, Format Version 12.00
# Visual Studio 2013
VisualStudioVersion = 12.0.21005.1
MinimumVisualStudioVersion = 10.0.40219.1
Project("{FAE04EC0-301F-11D3-BF4B-00C04F79EFBC}") = "TestDemo", "TestDemo\TestDemo.csproj", "{5EA67E65-C7D9-4E1C-8C82-4511358B8053}"
EndProject
Project("{FAE04EC0-301F-11D3-BF4B-00C04F79EFBC}") = "PMS.Common", "OutPutExcel\PMS.Common.csproj", "{DAD4E217-CA61-450C-89CC-663BEA3E1753}"
EndProject
Global
	GlobalSection(SolutionConfigurationPlatforms) = preSolution
		Debug|Any CPU = Debug|Any CPU
		Release|Any CPU = Release|Any CPU
	EndGlobalSection
	GlobalSection(ProjectConfigurationPlatforms) = postSolution
		{5EA67E65-C7D9-4E1C-8C82-4511358B8053}.Debug|Any CPU.ActiveCfg = Debug|Any CPU
		{5EA67E65-C7D9-4E1C-8C82-4511358B8053}.Debug|Any CPU.Build.0 = Debug|Any CPU
		{5EA67E65-C7D9-4E1C-8C82-4511358B8053}.Release|Any CPU.ActiveCfg = Release|Any CPU
		{5EA67E65-C7D9-4E1C-8C82-4511358B8053}.Release|Any CPU.Build.0 = Release|Any CPU
		{DAD4E217-CA61-450C-89CC-663BEA3E1753}.Debug|Any CPU.ActiveCfg = Debug|Any CPU
		{DAD4E217-CA61-450C-89CC-663BEA3E1753}.Debug|Any CPU.Build.0 = Debug|Any CPU
		{DAD4E217-CA61-450C-89CC-663BEA3E1753}.Release|Any CPU.ActiveCfg = Release|Any CPU
		{DAD4E217-CA61-450C-89CC-663BEA3E1753}.Release|Any CPU.Build.0 = Release|Any CPU
	EndGlobalSection
	GlobalSection(SolutionProperties) = preSolution
		HideSolutionNode = FALSE
	EndGlobalSection
EndGlobal
